DEPENDENCIES
  alti_iproute2_app
    path: .
    metadata: true
  alti_iproute2_app_test
    path: test/fixtures/alti_iproute2_app_test
  alti_pipeline_lib
  centos_base

GRAPH
  7-zip (1.0.4)
    windows (>= 1.2.2)
  alti_dynatrace_agent_app (0.0.22)
    alti_pipeline_lib (~> 0.0.2)
  alti_iproute2_app (2.0.2)
  alti_iproute2_app_test (1.0.0)
    alti_iproute2_app (>= 0.0.0)
  alti_pipeline_lib (0.0.22)
  alti_rsyslog_app (0.0.19)
    alti_pipeline_lib (>= 0.0.0)
    alti_sensu_app (~> 1.7)
    windows (~> 2.0.2)
  alti_sensu_app (1.7.21)
    chef-vault (~> 1.3.0)
    cron (~> 1.4)
    erlang (= 1.5.7)
    logrotate (~> 1.9.2)
    nginx (~> 2.7.4)
    rabbitmq (~> 3.2.2)
    redisio (~> 1.7.1)
    rsyslog (<= 2.2.0)
    sensu (~> 2.12.0)
    ulimit (= 0.4.0)
    windows (~> 2.0.2)
    yum-erlang_solutions (<= 1.0.0)
  apt (2.9.2)
  bluepill (2.4.3)
    rsyslog (>= 2.0)
  build-essential (2.4.0)
    7-zip (>= 0.0.0)
  centos_base (1.11.34)
    alti_dynatrace_agent_app (>= 0.0.9)
    alti_pipeline_lib (>= 0.0.0)
    alti_rsyslog_app (~> 0.0.7)
    chef-client (= 4.3.3)
    chef_handler (= 1.3.0)
    cron (~> 1.4)
    logrotate (< 2.0.0)
    ohai (~> 2.1.0)
    sysctl (~> 0.6.2)
    windows (~> 2.0.2)
    yum (~> 3.0)
  chef-client (4.3.3)
    cron (>= 1.2.0)
    logrotate (>= 1.2.0)
    windows (>= 1.39.0)
  chef-vault (1.3.3)
  chef_handler (1.3.0)
  cron (1.7.21)
  erlang (1.5.7)
    apt (>= 1.7.0)
    build-essential (>= 0.0.0)
    yum (~> 3.0)
    yum-epel (>= 0.0.0)
    yum-erlang_solutions (>= 0.0.0)
  logrotate (1.9.2)
  nginx (2.7.6)
    apt (~> 2.2)
    bluepill (~> 2.3)
    build-essential (~> 2.0)
    ohai (~> 2.0)
    runit (~> 1.2)
    yum-epel (~> 0.3)
  ohai (2.1.0)
  packagecloud (0.3.0)
  rabbitmq (3.2.2)
    erlang (>= 0.9.0)
  redisio (1.7.1)
    ulimit (>= 0.1.2)
  rsyslog (2.2.0)
  runit (1.8.0)
    packagecloud (>= 0.0.0)
    yum-epel (>= 0.0.0)
  sensu (2.12.0)
    apt (>= 0.0.0)
    rabbitmq (>= 2.0.0)
    redisio (>= 1.7.0)
    windows (>= 1.8.8)
    yum (>= 0.0.0)
  sysctl (0.6.2)
    ohai (>= 0.0.0)
  ulimit (0.4.0)
  windows (2.0.2)
  yum (3.13.0)
  yum-epel (0.7.1)
    yum (>= 3.6.3)
  yum-erlang_solutions (1.0.0)
    yum (>= 3.2)
    yum-epel (>= 0.0.0)
